
Microsoft Visual Studio Solution File, Format Version 12.00
# Visual Studio Version 16
VisualStudioVersion = 16.0.31624.102
MinimumVisualStudioVersion = 10.0.40219.1
Project("{FAE04EC0-301F-11D3-BF4B-00C04F79EFBC}") = "RestaurantBookingBot", "RestaurantBookingBot\RestaurantBookingBot.csproj", "{540A7E07-15E9-45A0-934C-CD2172B523A5}"
EndProject
Global
	GlobalSection(SolutionConfigurationPlatforms) = preSolution
		Debug|Any CPU = Debug|Any CPU
		Release|Any CPU = Release|Any CPU
	EndGlobalSection
	GlobalSection(ProjectConfigurationPlatforms) = postSolution
		{540A7E07-15E9-45A0-934C-CD2172B523A5}.Debug|Any CPU.ActiveCfg = Debug|Any CPU
		{540A7E07-15E9-45A0-934C-CD2172B523A5}.Debug|Any CPU.Build.0 = Debug|Any CPU
		{540A7E07-15E9-45A0-934C-CD2172B523A5}.Release|Any CPU.ActiveCfg = Release|Any CPU
		{540A7E07-15E9-45A0-934C-CD2172B523A5}.Release|Any CPU.Build.0 = Release|Any CPU
	EndGlobalSection
	GlobalSection(SolutionProperties) = preSolution
		HideSolutionNode = FALSE
	EndGlobalSection
	GlobalSection(ExtensibilityGlobals) = postSolution
		SolutionGuid = {6EB18410-935B-42AE-849B-620EC13C4525}
	EndGlobalSection
EndGlobal
